go.gh.ink/regexp v1.0.1 h1:ky3wxwskm49c4IlAeN64p4PeTXaO4o7Y8LpQRSeZLF8=
go.gh.ink/regexp v1.0.1/go.mod h1:UKvDp3i0wU860Et6Ei+bVIfxrp9vJGGPswOlFhKvwaw=
go.gh.ink/toolbox v1.11.2 h1:yZCgAOdYDRLMCkrIJkdxV72namA9W5CWVqI5jUzmo8s=
go.gh.ink/toolbox v1.11.2/go.mod h1:srf5QuykFzizNoa0HqnKySvGaW/poG5UDn2q3GpYtvc=
